
Microsoft Visual Studio Solution File, Format Version 12.00
# Visual Studio Version 17
VisualStudioVersion = 17.0.32014.148
MinimumVisualStudioVersion = 10.0.40219.1
Project("{FAE04EC0-301F-11D3-BF4B-00C04F79EFBC}") = "ConsoleApp", "ConsoleApp\ConsoleApp.csproj", "{A6BE8F81-4847-4465-A260-33EBC7BF6A6D}"
EndProject
Global
	GlobalSection(SolutionConfigurationPlatforms) = preSolution
		Debug|Any CPU = Debug|Any CPU
		Release|Any CPU = Release|Any CPU
	EndGlobalSection
	GlobalSection(ProjectConfigurationPlatforms) = postSolution
		{A6BE8F81-4847-4465-A260-33EBC7BF6A6D}.Debug|Any CPU.ActiveCfg = Debug|Any CPU
		{A6BE8F81-4847-4465-A260-33EBC7BF6A6D}.Debug|Any CPU.Build.0 = Debug|Any CPU
		{A6BE8F81-4847-4465-A260-33EBC7BF6A6D}.Release|Any CPU.ActiveCfg = Release|Any CPU
		{A6BE8F81-4847-4465-A260-33EBC7BF6A6D}.Release|Any CPU.Build.0 = Release|Any CPU
	EndGlobalSection
	GlobalSection(SolutionProperties) = preSolution
		HideSolutionNode = FALSE
	EndGlobalSection
	GlobalSection(ExtensibilityGlobals) = postSolution
		SolutionGuid = {2C6C4415-150B-4400-A3C6-60F03E121EDE}
	EndGlobalSection
EndGlobal
